
Microsoft Visual Studio Solution File, Format Version 12.00
Project("{FAE04EC0-301F-11D3-BF4B-00C04F79EFBC}") = "AuthFx.AuthServer", "AuthFx.AuthServer\AuthFx.AuthServer.csproj", "{E38D09C6-BBA0-4583-A0BF-A3CFE5BABFB7}"
EndProject
Project("{FAE04EC0-301F-11D3-BF4B-00C04F79EFBC}") = "AuthFx.ApiServer", "AuthFx.ApiServer\AuthFx.ApiServer.csproj", "{1D3C037F-AF44-40B6-B688-1AC06883DFA9}"
EndProject
Global
	GlobalSection(SolutionConfigurationPlatforms) = preSolution
		Debug|Any CPU = Debug|Any CPU
		Release|Any CPU = Release|Any CPU
	EndGlobalSection
	GlobalSection(ProjectConfigurationPlatforms) = postSolution
		{E38D09C6-BBA0-4583-A0BF-A3CFE5BABFB7}.Debug|Any CPU.ActiveCfg = Debug|Any CPU
		{E38D09C6-BBA0-4583-A0BF-A3CFE5BABFB7}.Debug|Any CPU.Build.0 = Debug|Any CPU
		{E38D09C6-BBA0-4583-A0BF-A3CFE5BABFB7}.Release|Any CPU.ActiveCfg = Release|Any CPU
		{E38D09C6-BBA0-4583-A0BF-A3CFE5BABFB7}.Release|Any CPU.Build.0 = Release|Any CPU
		{1D3C037F-AF44-40B6-B688-1AC06883DFA9}.Debug|Any CPU.ActiveCfg = Debug|Any CPU
		{1D3C037F-AF44-40B6-B688-1AC06883DFA9}.Debug|Any CPU.Build.0 = Debug|Any CPU
		{1D3C037F-AF44-40B6-B688-1AC06883DFA9}.Release|Any CPU.ActiveCfg = Release|Any CPU
		{1D3C037F-AF44-40B6-B688-1AC06883DFA9}.Release|Any CPU.Build.0 = Release|Any CPU
	EndGlobalSection
EndGlobal
